%{
  "certifi": {:hex, :certifi, "0.4.0", "a7966efb868b179023618d29a407548f70c52466bf1849b9e8ebd0e34b7ea11f", [:rebar3], [], "hexpm", "1cc233bee2d6990e7b0ff4c5824d7f401edda8a3cfad04d3328e35ad97de7611"},
  "combine": {:hex, :combine, "0.8.0", "390fe5f632a8c890d378abc697ca7c4c52cd3e38bb232a5cad1677cd4af013df", [:mix], []},
  "earmark": {:hex, :earmark, "0.2.1", "ba6d26ceb16106d069b289df66751734802777a3cbb6787026dd800ffeb850f3", [:mix], [], "hexpm", "c86afb8d22a5aa8315afd4257c7512011c0c9a48b0fea43af7612836b958098b"},
  "ex_doc": {:hex, :ex_doc, "0.12.0", "b774aabfede4af31c0301aece12371cbd25995a21bb3d71d66f5c2fe074c603f", [:mix], [{:earmark, "~> 0.2", [hex: :earmark, repo: "hexpm", optional: false]}], "hexpm", "76a04c6bb6876df8eae8ff8bf34fb1004bbead5172d31c9dfd71c4e3aed011b7"},
  "excoveralls": {:hex, :excoveralls, "0.5.4", "1a6e116bcf980da8b7fe33140c1d7e61aa0a4e51951cadbfacc420c12d2b9b8f", [:mix], [{:exjsx, "~> 3.0", [hex: :exjsx, repo: "hexpm", optional: false]}, {:hackney, ">= 0.12.0", [hex: :hackney, repo: "hexpm", optional: false]}], "hexpm", "deeef1af87ec39bae49b4a942b8e0d621c7cf516d4b302f6a74ab5f026b16552"},
  "exjsx": {:hex, :exjsx, "3.2.0", "7136cc739ace295fc74c378f33699e5145bead4fdc1b4799822d0287489136fb", [:mix], [{:jsx, "~> 2.6.2", [hex: :jsx, repo: "hexpm", optional: false]}], "hexpm", "9c8600822e894e3c31bed800c78a5a04812b71a6e5a5656426c6ce01ebe2cf1c"},
  "gettext": {:hex, :gettext, "0.11.0", "80c1dd42d270482418fa158ec5ba073d2980e3718bacad86f3d4ad71d5667679", [:mix], []},
  "hackney": {:hex, :hackney, "1.6.1", "ddd22d42db2b50e6a155439c8811b8f6df61a4395de10509714ad2751c6da817", [:rebar3], [{:certifi, "0.4.0", [hex: :certifi, repo: "hexpm", optional: false]}, {:idna, "1.2.0", [hex: :idna, repo: "hexpm", optional: false]}, {:metrics, "1.0.1", [hex: :metrics, repo: "hexpm", optional: false]}, {:mimerl, "1.0.2", [hex: :mimerl, repo: "hexpm", optional: false]}, {:ssl_verify_fun, "1.1.0", [hex: :ssl_verify_fun, repo: "hexpm", optional: false]}], "hexpm", "bf0cf3f8a4bb588b14d20613a888c786655b2eb20255e328dd33f129b2d5b184"},
  "httpoison": {:hex, :httpoison, "0.8.3", "b675a3fdc839a0b8d7a285c6b3747d6d596ae70b6ccb762233a990d7289ccae4", [:mix], [{:hackney, "~> 1.6.0", [hex: :hackney, repo: "hexpm", optional: false]}], "hexpm", "74f2103e6eff47dcc2b288e37f42629874df3e4a4dce5fbc9dea508de4785e06"},
  "idna": {:hex, :idna, "1.2.0", "ac62ee99da068f43c50dc69acf700e03a62a348360126260e87f2b54eced86b2", [:rebar3], [], "hexpm", "1d724cdafb66397e61774ead242c9b725de7033cde8ea98fa4a91e64ac5ef5b3"},
  "jsx": {:hex, :jsx, "2.6.2", "213721e058da0587a4bce3cc8a00ff6684ced229c8f9223245c6ff2c88fbaa5a", [:mix, :rebar3], [], "hexpm", "6bfccb6461cc3c7d5cc63f3e69ffeb2f1f8de50eca5980065311c056a69a907f"},
  "meck": {:hex, :meck, "0.8.13", "ffedb39f99b0b99703b8601c6f17c7f76313ee12de6b646e671e3188401f7866", [:rebar3], [], "hexpm", "d34f013c156db51ad57cc556891b9720e6a1c1df5fe2e15af999c84d6cebeb1a"},
  "metrics": {:hex, :metrics, "1.0.1", "25f094dea2cda98213cecc3aeff09e940299d950904393b2a29d191c346a8486", [:rebar3], [], "hexpm", "69b09adddc4f74a40716ae54d140f93beb0fb8978d8636eaded0c31b6f099f16"},
  "mimerl": {:hex, :mimerl, "1.0.2", "993f9b0e084083405ed8252b99460c4f0563e41729ab42d9074fd5e52439be88", [:rebar3], [], "hexpm", "7a4c8e1115a2732a67d7624e28cf6c9f30c66711a9e92928e745c255887ba465"},
  "plug": {:hex, :plug, "1.1.6", "8927e4028433fcb859e000b9389ee9c37c80eb28378eeeea31b0273350bf668b", [:mix], [{:cowboy, "~> 1.0", [hex: :cowboy, repo: "hexpm", optional: true]}], "hexpm", "b023b28e64b7b1020829fc3afc9c95f9f134ce705da2d06da107e3cfa45cf9a4"},
  "poison": {:hex, :poison, "2.1.0", "f583218ced822675e484648fa26c933d621373f01c6c76bd00005d7bd4b82e27", [:mix], [], "hexpm", "002caaf939b97c84533ef0f621d3ed414ed703fcd03c91ec0dd62043df102c63"},
  "ssl_verify_fun": {:hex, :ssl_verify_fun, "1.1.0", "edee20847c42e379bf91261db474ffbe373f8acb56e9079acb6038d4e0bf414f", [:make, :rebar], [], "hexpm", "6c0e0d857fdb031ba67b0a791202bee116bea2313db7b649839000847591ba1e"},
}
